
Microsoft Visual Studio Solution File, Format Version 12.00
# Visual Studio Version 17
VisualStudioVersion = 17.13.35825.156 d17.13
MinimumVisualStudioVersion = 10.0.40219.1
Project("{2150E333-8FDC-42A3-9474-1A3956D46DE8}") = "src", "src", "{02EA681E-C7D8-13C7-8484-4AC65E1B71E8}"
EndProject
Project("{2150E333-8FDC-42A3-9474-1A3956D46DE8}") = "API", "API", "{B0A56177-5395-4E96-B128-AE5086A45C48}"
EndProject
Project("{2150E333-8FDC-42A3-9474-1A3956D46DE8}") = "Core", "Core", "{4F11664B-B167-4AC1-A3CB-2C1686E2A482}"
EndProject
Project("{2150E333-8FDC-42A3-9474-1A3956D46DE8}") = "Infrastructure", "Infrastructure", "{DA90C9C1-EB63-41E7-AFA3-515A400B09AB}"
EndProject
Project("{FAE04EC0-301F-11D3-BF4B-00C04F79EFBC}") = "Laboratorio.Domain", "Laboratorio.Domain\Laboratorio.Domain.csproj", "{DB594A23-B1E9-451C-BA6D-BDB04DAB4320}"
EndProject
Project("{FAE04EC0-301F-11D3-BF4B-00C04F79EFBC}") = "Laboratorio.Infrastructure", "Laboratorio.Infrastructure\Laboratorio.Infrastructure.csproj", "{04ECAF80-DCD9-496F-BBAD-8DE56BF75270}"
EndProject
Project("{FAE04EC0-301F-11D3-BF4B-00C04F79EFBC}") = "Laboratorio.Application", "Laboratorio.Application\Laboratorio.Application.csproj", "{52E026B6-1AA6-4B23-9593-E1C7A04AC8E0}"
EndProject
Project("{FAE04EC0-301F-11D3-BF4B-00C04F79EFBC}") = "Laboratorio.API", "Laboratorio.API\Laboratorio.API.csproj", "{C0566C9F-7DFD-41A9-9AE7-8C0A0602061B}"
EndProject
Global
	GlobalSection(SolutionConfigurationPlatforms) = preSolution
		Debug|Any CPU = Debug|Any CPU
		Release|Any CPU = Release|Any CPU
	EndGlobalSection
	GlobalSection(ProjectConfigurationPlatforms) = postSolution
		{DB594A23-B1E9-451C-BA6D-BDB04DAB4320}.Debug|Any CPU.ActiveCfg = Debug|Any CPU
		{DB594A23-B1E9-451C-BA6D-BDB04DAB4320}.Debug|Any CPU.Build.0 = Debug|Any CPU
		{DB594A23-B1E9-451C-BA6D-BDB04DAB4320}.Release|Any CPU.ActiveCfg = Release|Any CPU
		{DB594A23-B1E9-451C-BA6D-BDB04DAB4320}.Release|Any CPU.Build.0 = Release|Any CPU
		{04ECAF80-DCD9-496F-BBAD-8DE56BF75270}.Debug|Any CPU.ActiveCfg = Debug|Any CPU
		{04ECAF80-DCD9-496F-BBAD-8DE56BF75270}.Debug|Any CPU.Build.0 = Debug|Any CPU
		{04ECAF80-DCD9-496F-BBAD-8DE56BF75270}.Release|Any CPU.ActiveCfg = Release|Any CPU
		{04ECAF80-DCD9-496F-BBAD-8DE56BF75270}.Release|Any CPU.Build.0 = Release|Any CPU
		{52E026B6-1AA6-4B23-9593-E1C7A04AC8E0}.Debug|Any CPU.ActiveCfg = Debug|Any CPU
		{52E026B6-1AA6-4B23-9593-E1C7A04AC8E0}.Debug|Any CPU.Build.0 = Debug|Any CPU
		{52E026B6-1AA6-4B23-9593-E1C7A04AC8E0}.Release|Any CPU.ActiveCfg = Release|Any CPU
		{52E026B6-1AA6-4B23-9593-E1C7A04AC8E0}.Release|Any CPU.Build.0 = Release|Any CPU
		{C0566C9F-7DFD-41A9-9AE7-8C0A0602061B}.Debug|Any CPU.ActiveCfg = Debug|Any CPU
		{C0566C9F-7DFD-41A9-9AE7-8C0A0602061B}.Debug|Any CPU.Build.0 = Debug|Any CPU
		{C0566C9F-7DFD-41A9-9AE7-8C0A0602061B}.Release|Any CPU.ActiveCfg = Release|Any CPU
		{C0566C9F-7DFD-41A9-9AE7-8C0A0602061B}.Release|Any CPU.Build.0 = Release|Any CPU
	EndGlobalSection
	GlobalSection(SolutionProperties) = preSolution
		HideSolutionNode = FALSE
	EndGlobalSection
	GlobalSection(NestedProjects) = preSolution
		{B0A56177-5395-4E96-B128-AE5086A45C48} = {02EA681E-C7D8-13C7-8484-4AC65E1B71E8}
		{4F11664B-B167-4AC1-A3CB-2C1686E2A482} = {02EA681E-C7D8-13C7-8484-4AC65E1B71E8}
		{DA90C9C1-EB63-41E7-AFA3-515A400B09AB} = {02EA681E-C7D8-13C7-8484-4AC65E1B71E8}
		{DB594A23-B1E9-451C-BA6D-BDB04DAB4320} = {4F11664B-B167-4AC1-A3CB-2C1686E2A482}
		{04ECAF80-DCD9-496F-BBAD-8DE56BF75270} = {DA90C9C1-EB63-41E7-AFA3-515A400B09AB}
		{52E026B6-1AA6-4B23-9593-E1C7A04AC8E0} = {4F11664B-B167-4AC1-A3CB-2C1686E2A482}
		{C0566C9F-7DFD-41A9-9AE7-8C0A0602061B} = {B0A56177-5395-4E96-B128-AE5086A45C48}
	EndGlobalSection
	GlobalSection(ExtensibilityGlobals) = postSolution
		SolutionGuid = {8E28A9A8-353A-4D2F-8301-B0F69E4E6FBD}
	EndGlobalSection
EndGlobal
